{
  "name": "@rarible/mint-and-transfer",
  "version": "0.0.1",
  "lockfileVersion": 1,
  "requires": true,
  "dependencies": {
    "@openzeppelin/contracts-upgradeable": {
      "version": "3.4.0",
      "resolved": "https://registry.npmjs.org/@openzeppelin/contracts-upgradeable/-/contracts-upgradeable-3.4.0.tgz",
      "integrity": "sha512-7wBcbukDqWZt/B1zjb7zyeWq+AC7rx7nGln7/hPxHdKd8PAiiteXd51Cp2KmGP8qaY0/TXh/fQLsA082LWp8Zw=="
    },
    "@rarible/royalties": {
      "version": "0.3.2",
      "resolved": "https://registry.npmjs.org/@rarible/royalties/-/royalties-0.3.2.tgz",
      "integrity": "sha512-2VCIG4MP9x4vRg6qY6QemYwHQPZDBknSGQlKttC0VZB0G72hdBW7jxm8z550UviveCKyfNeDH3+EhlxP283QIA=="
    }
  }
}
