{
  "name": "@rarible/lazy-mint",
  "version": "0.0.4",
  "lockfileVersion": 1,
  "requires": true,
  "dependencies": {
    "@openzeppelin/contracts-upgradeable": {
      "version": "3.4.0",
      "resolved": "https://registry.npmjs.org/@openzeppelin/contracts-upgradeable/-/contracts-upgradeable-3.4.0.tgz",
      "integrity": "sha512-7wBcbukDqWZt/B1zjb7zyeWq+AC7rx7nGln7/hPxHdKd8PAiiteXd51Cp2KmGP8qaY0/TXh/fQLsA082LWp8Zw=="
    },
    "@rarible/royalties": {
      "version": "0.4.0",
      "resolved": "https://registry.npmjs.org/@rarible/royalties/-/royalties-0.4.0.tgz",
      "integrity": "sha512-v1ev7LvH4dJMHLufGfZ8gcqyislcKepeko+UZkNTISbk9f2qEDmMZmBCRazEqFum29AKFFxHywZG3qctr98f3Q=="
    }
  }
}
